
Microsoft Visual Studio Solution File, Format Version 12.00
# Visual Studio Version 17
VisualStudioVersion = 17.0.32126.317
MinimumVisualStudioVersion = 10.0.40219.1
Project("{FAE04EC0-301F-11D3-BF4B-00C04F79EFBC}") = "Lesson01.SEP212", "Lesson01.SEP212\Lesson01.SEP212.csproj", "{4925B53B-A353-44A8-A968-2EFD8B76B494}"
EndProject
Global
	GlobalSection(SolutionConfigurationPlatforms) = preSolution
		Debug|Any CPU = Debug|Any CPU
		Release|Any CPU = Release|Any CPU
	EndGlobalSection
	GlobalSection(ProjectConfigurationPlatforms) = postSolution
		{4925B53B-A353-44A8-A968-2EFD8B76B494}.Debug|Any CPU.ActiveCfg = Debug|Any CPU
		{4925B53B-A353-44A8-A968-2EFD8B76B494}.Debug|Any CPU.Build.0 = Debug|Any CPU
		{4925B53B-A353-44A8-A968-2EFD8B76B494}.Release|Any CPU.ActiveCfg = Release|Any CPU
		{4925B53B-A353-44A8-A968-2EFD8B76B494}.Release|Any CPU.Build.0 = Release|Any CPU
	EndGlobalSection
	GlobalSection(SolutionProperties) = preSolution
		HideSolutionNode = FALSE
	EndGlobalSection
	GlobalSection(ExtensibilityGlobals) = postSolution
		SolutionGuid = {AD8D7A14-7B98-4834-A892-567F18832320}
	EndGlobalSection
EndGlobal
